
Microsoft Visual Studio Solution File, Format Version 12.00
# Visual Studio Version 16
VisualStudioVersion = 16.0.31424.327
MinimumVisualStudioVersion = 10.0.40219.1
Project("{FAE04EC0-301F-11D3-BF4B-00C04F79EFBC}") = "Delegate", "Delegate\Delegate.csproj", "{1EB474CD-4A19-4BEC-8085-AAAC38C7AD14}"
EndProject
Project("{FAE04EC0-301F-11D3-BF4B-00C04F79EFBC}") = "Loger", "Loger\Loger.csproj", "{118B9674-3CCC-4253-990E-1EDED05AFD23}"
EndProject
Project("{FAE04EC0-301F-11D3-BF4B-00C04F79EFBC}") = "Arrays_Strings", "Arrays_Strings\Arrays_Strings.csproj", "{43483D1F-0F99-4327-84AF-4D8E5EC24B80}"
EndProject
Global
	GlobalSection(SolutionConfigurationPlatforms) = preSolution
		Debug|Any CPU = Debug|Any CPU
		Release|Any CPU = Release|Any CPU
	EndGlobalSection
	GlobalSection(ProjectConfigurationPlatforms) = postSolution
		{1EB474CD-4A19-4BEC-8085-AAAC38C7AD14}.Debug|Any CPU.ActiveCfg = Debug|Any CPU
		{1EB474CD-4A19-4BEC-8085-AAAC38C7AD14}.Debug|Any CPU.Build.0 = Debug|Any CPU
		{1EB474CD-4A19-4BEC-8085-AAAC38C7AD14}.Release|Any CPU.ActiveCfg = Release|Any CPU
		{1EB474CD-4A19-4BEC-8085-AAAC38C7AD14}.Release|Any CPU.Build.0 = Release|Any CPU
		{118B9674-3CCC-4253-990E-1EDED05AFD23}.Debug|Any CPU.ActiveCfg = Debug|Any CPU
		{118B9674-3CCC-4253-990E-1EDED05AFD23}.Debug|Any CPU.Build.0 = Debug|Any CPU
		{118B9674-3CCC-4253-990E-1EDED05AFD23}.Release|Any CPU.ActiveCfg = Release|Any CPU
		{118B9674-3CCC-4253-990E-1EDED05AFD23}.Release|Any CPU.Build.0 = Release|Any CPU
		{43483D1F-0F99-4327-84AF-4D8E5EC24B80}.Debug|Any CPU.ActiveCfg = Debug|Any CPU
		{43483D1F-0F99-4327-84AF-4D8E5EC24B80}.Debug|Any CPU.Build.0 = Debug|Any CPU
		{43483D1F-0F99-4327-84AF-4D8E5EC24B80}.Release|Any CPU.ActiveCfg = Release|Any CPU
		{43483D1F-0F99-4327-84AF-4D8E5EC24B80}.Release|Any CPU.Build.0 = Release|Any CPU
	EndGlobalSection
	GlobalSection(SolutionProperties) = preSolution
		HideSolutionNode = FALSE
	EndGlobalSection
	GlobalSection(ExtensibilityGlobals) = postSolution
		SolutionGuid = {7E9AEF62-7BD0-42D5-9E3B-A48E84CA5F8E}
	EndGlobalSection
EndGlobal
